
Microsoft Visual Studio Solution File, Format Version 12.00
# Visual Studio Version 16
VisualStudioVersion = 16.0.32630.194
MinimumVisualStudioVersion = 10.0.40219.1
Project("{FAE04EC0-301F-11D3-BF4B-00C04F79EFBC}") = "ListNumberManagementSystem", "ListNumberManagementSystem\ListNumberManagementSystem.csproj", "{B24F22D0-6379-4686-B834-2DF004184721}"
EndProject
Global
	GlobalSection(SolutionConfigurationPlatforms) = preSolution
		Debug|Any CPU = Debug|Any CPU
		Release|Any CPU = Release|Any CPU
	EndGlobalSection
	GlobalSection(ProjectConfigurationPlatforms) = postSolution
		{B24F22D0-6379-4686-B834-2DF004184721}.Debug|Any CPU.ActiveCfg = Debug|Any CPU
		{B24F22D0-6379-4686-B834-2DF004184721}.Debug|Any CPU.Build.0 = Debug|Any CPU
		{B24F22D0-6379-4686-B834-2DF004184721}.Release|Any CPU.ActiveCfg = Release|Any CPU
		{B24F22D0-6379-4686-B834-2DF004184721}.Release|Any CPU.Build.0 = Release|Any CPU
	EndGlobalSection
	GlobalSection(SolutionProperties) = preSolution
		HideSolutionNode = FALSE
	EndGlobalSection
	GlobalSection(ExtensibilityGlobals) = postSolution
		SolutionGuid = {A32B84A6-0FA5-4C12-9B74-E81F508AEE2E}
	EndGlobalSection
EndGlobal
